
Microsoft Visual Studio Solution File, Format Version 12.00
# Visual Studio 14
VisualStudioVersion = 14.0.23107.0
MinimumVisualStudioVersion = 10.0.40219.1
Project("{F184B08F-C81C-45F6-A57F-5ABD9991F28F}") = "MyFM", "MyFM\MyFM.vbproj", "{845259ED-4A23-405C-A341-DD395773B675}"
EndProject
Project("{2150E333-8FDC-42A3-9474-1A3956D46DE8}") = "sample", "sample", "{BEE0146F-678F-418A-B3CC-FA0A2D7FA546}"
EndProject
Project("{2150E333-8FDC-42A3-9474-1A3956D46DE8}") = "Basic", "Basic", "{01D670A6-9BDE-40B7-8429-E6CBD92C14ED}"
EndProject
Project("{F184B08F-C81C-45F6-A57F-5ABD9991F28F}") = "App1", "sample\Basic\App1\App1.vbproj", "{CD48CE6C-18BE-4CC2-A696-D490939E5017}"
EndProject
Project("{F184B08F-C81C-45F6-A57F-5ABD9991F28F}") = "App2", "sample\Basic\App2\App2.vbproj", "{A2452F21-DE85-488E-8AA9-E537024EA9DB}"
EndProject
Project("{F184B08F-C81C-45F6-A57F-5ABD9991F28F}") = "App3", "sample\Basic\App3\App3.vbproj", "{28857EA4-8957-4C1A-833A-4CAD8CD65172}"
EndProject
Project("{F184B08F-C81C-45F6-A57F-5ABD9991F28F}") = "App4", "sample\Basic\App4\App4.vbproj", "{1F73C684-2051-4C4A-B39B-3C601E1BDD38}"
EndProject
Project("{F184B08F-C81C-45F6-A57F-5ABD9991F28F}") = "App5", "sample\Basic\App5\App5.vbproj", "{186057D8-ADEB-411F-9D99-B681E4870412}"
EndProject
Global
	GlobalSection(SolutionConfigurationPlatforms) = preSolution
		Debug|Any CPU = Debug|Any CPU
		Debug|ARM = Debug|ARM
		Debug|x64 = Debug|x64
		Debug|x86 = Debug|x86
		Release|Any CPU = Release|Any CPU
		Release|ARM = Release|ARM
		Release|x64 = Release|x64
		Release|x86 = Release|x86
	EndGlobalSection
	GlobalSection(ProjectConfigurationPlatforms) = postSolution
		{845259ED-4A23-405C-A341-DD395773B675}.Debug|Any CPU.ActiveCfg = Debug|Any CPU
		{845259ED-4A23-405C-A341-DD395773B675}.Debug|Any CPU.Build.0 = Debug|Any CPU
		{845259ED-4A23-405C-A341-DD395773B675}.Debug|ARM.ActiveCfg = Debug|Any CPU
		{845259ED-4A23-405C-A341-DD395773B675}.Debug|ARM.Build.0 = Debug|Any CPU
		{845259ED-4A23-405C-A341-DD395773B675}.Debug|x64.ActiveCfg = Debug|Any CPU
		{845259ED-4A23-405C-A341-DD395773B675}.Debug|x64.Build.0 = Debug|Any CPU
		{845259ED-4A23-405C-A341-DD395773B675}.Debug|x86.ActiveCfg = Debug|Any CPU
		{845259ED-4A23-405C-A341-DD395773B675}.Debug|x86.Build.0 = Debug|Any CPU
		{845259ED-4A23-405C-A341-DD395773B675}.Release|Any CPU.ActiveCfg = Release|Any CPU
		{845259ED-4A23-405C-A341-DD395773B675}.Release|Any CPU.Build.0 = Release|Any CPU
		{845259ED-4A23-405C-A341-DD395773B675}.Release|ARM.ActiveCfg = Release|Any CPU
		{845259ED-4A23-405C-A341-DD395773B675}.Release|ARM.Build.0 = Release|Any CPU
		{845259ED-4A23-405C-A341-DD395773B675}.Release|x64.ActiveCfg = Release|Any CPU
		{845259ED-4A23-405C-A341-DD395773B675}.Release|x64.Build.0 = Release|Any CPU
		{845259ED-4A23-405C-A341-DD395773B675}.Release|x86.ActiveCfg = Release|Any CPU
		{845259ED-4A23-405C-A341-DD395773B675}.Release|x86.Build.0 = Release|Any CPU
		{CD48CE6C-18BE-4CC2-A696-D490939E5017}.Debug|Any CPU.ActiveCfg = Debug|Any CPU
		{CD48CE6C-18BE-4CC2-A696-D490939E5017}.Debug|Any CPU.Build.0 = Debug|Any CPU
		{CD48CE6C-18BE-4CC2-A696-D490939E5017}.Debug|ARM.ActiveCfg = Debug|Any CPU
		{CD48CE6C-18BE-4CC2-A696-D490939E5017}.Debug|ARM.Build.0 = Debug|Any CPU
		{CD48CE6C-18BE-4CC2-A696-D490939E5017}.Debug|x64.ActiveCfg = Debug|Any CPU
		{CD48CE6C-18BE-4CC2-A696-D490939E5017}.Debug|x64.Build.0 = Debug|Any CPU
		{CD48CE6C-18BE-4CC2-A696-D490939E5017}.Debug|x86.ActiveCfg = Debug|Any CPU
		{CD48CE6C-18BE-4CC2-A696-D490939E5017}.Debug|x86.Build.0 = Debug|Any CPU
		{CD48CE6C-18BE-4CC2-A696-D490939E5017}.Release|Any CPU.ActiveCfg = Release|Any CPU
		{CD48CE6C-18BE-4CC2-A696-D490939E5017}.Release|Any CPU.Build.0 = Release|Any CPU
		{CD48CE6C-18BE-4CC2-A696-D490939E5017}.Release|ARM.ActiveCfg = Release|Any CPU
		{CD48CE6C-18BE-4CC2-A696-D490939E5017}.Release|ARM.Build.0 = Release|Any CPU
		{CD48CE6C-18BE-4CC2-A696-D490939E5017}.Release|x64.ActiveCfg = Release|Any CPU
		{CD48CE6C-18BE-4CC2-A696-D490939E5017}.Release|x64.Build.0 = Release|Any CPU
		{CD48CE6C-18BE-4CC2-A696-D490939E5017}.Release|x86.ActiveCfg = Release|Any CPU
		{CD48CE6C-18BE-4CC2-A696-D490939E5017}.Release|x86.Build.0 = Release|Any CPU
		{A2452F21-DE85-488E-8AA9-E537024EA9DB}.Debug|Any CPU.ActiveCfg = Debug|Any CPU
		{A2452F21-DE85-488E-8AA9-E537024EA9DB}.Debug|Any CPU.Build.0 = Debug|Any CPU
		{A2452F21-DE85-488E-8AA9-E537024EA9DB}.Debug|ARM.ActiveCfg = Debug|Any CPU
		{A2452F21-DE85-488E-8AA9-E537024EA9DB}.Debug|ARM.Build.0 = Debug|Any CPU
		{A2452F21-DE85-488E-8AA9-E537024EA9DB}.Debug|x64.ActiveCfg = Debug|Any CPU
		{A2452F21-DE85-488E-8AA9-E537024EA9DB}.Debug|x64.Build.0 = Debug|Any CPU
		{A2452F21-DE85-488E-8AA9-E537024EA9DB}.Debug|x86.ActiveCfg = Debug|Any CPU
		{A2452F21-DE85-488E-8AA9-E537024EA9DB}.Debug|x86.Build.0 = Debug|Any CPU
		{A2452F21-DE85-488E-8AA9-E537024EA9DB}.Release|Any CPU.ActiveCfg = Release|Any CPU
		{A2452F21-DE85-488E-8AA9-E537024EA9DB}.Release|Any CPU.Build.0 = Release|Any CPU
		{A2452F21-DE85-488E-8AA9-E537024EA9DB}.Release|ARM.ActiveCfg = Release|Any CPU
		{A2452F21-DE85-488E-8AA9-E537024EA9DB}.Release|ARM.Build.0 = Release|Any CPU
		{A2452F21-DE85-488E-8AA9-E537024EA9DB}.Release|x64.ActiveCfg = Release|Any CPU
		{A2452F21-DE85-488E-8AA9-E537024EA9DB}.Release|x64.Build.0 = Release|Any CPU
		{A2452F21-DE85-488E-8AA9-E537024EA9DB}.Release|x86.ActiveCfg = Release|Any CPU
		{A2452F21-DE85-488E-8AA9-E537024EA9DB}.Release|x86.Build.0 = Release|Any CPU
		{28857EA4-8957-4C1A-833A-4CAD8CD65172}.Debug|Any CPU.ActiveCfg = Debug|Any CPU
		{28857EA4-8957-4C1A-833A-4CAD8CD65172}.Debug|Any CPU.Build.0 = Debug|Any CPU
		{28857EA4-8957-4C1A-833A-4CAD8CD65172}.Debug|ARM.ActiveCfg = Debug|Any CPU
		{28857EA4-8957-4C1A-833A-4CAD8CD65172}.Debug|ARM.Build.0 = Debug|Any CPU
		{28857EA4-8957-4C1A-833A-4CAD8CD65172}.Debug|x64.ActiveCfg = Debug|Any CPU
		{28857EA4-8957-4C1A-833A-4CAD8CD65172}.Debug|x64.Build.0 = Debug|Any CPU
		{28857EA4-8957-4C1A-833A-4CAD8CD65172}.Debug|x86.ActiveCfg = Debug|Any CPU
		{28857EA4-8957-4C1A-833A-4CAD8CD65172}.Debug|x86.Build.0 = Debug|Any CPU
		{28857EA4-8957-4C1A-833A-4CAD8CD65172}.Release|Any CPU.ActiveCfg = Release|Any CPU
		{28857EA4-8957-4C1A-833A-4CAD8CD65172}.Release|Any CPU.Build.0 = Release|Any CPU
		{28857EA4-8957-4C1A-833A-4CAD8CD65172}.Release|ARM.ActiveCfg = Release|Any CPU
		{28857EA4-8957-4C1A-833A-4CAD8CD65172}.Release|ARM.Build.0 = Release|Any CPU
		{28857EA4-8957-4C1A-833A-4CAD8CD65172}.Release|x64.ActiveCfg = Release|Any CPU
		{28857EA4-8957-4C1A-833A-4CAD8CD65172}.Release|x64.Build.0 = Release|Any CPU
		{28857EA4-8957-4C1A-833A-4CAD8CD65172}.Release|x86.ActiveCfg = Release|Any CPU
		{28857EA4-8957-4C1A-833A-4CAD8CD65172}.Release|x86.Build.0 = Release|Any CPU
		{1F73C684-2051-4C4A-B39B-3C601E1BDD38}.Debug|Any CPU.ActiveCfg = Debug|Any CPU
		{1F73C684-2051-4C4A-B39B-3C601E1BDD38}.Debug|Any CPU.Build.0 = Debug|Any CPU
		{1F73C684-2051-4C4A-B39B-3C601E1BDD38}.Debug|ARM.ActiveCfg = Debug|Any CPU
		{1F73C684-2051-4C4A-B39B-3C601E1BDD38}.Debug|ARM.Build.0 = Debug|Any CPU
		{1F73C684-2051-4C4A-B39B-3C601E1BDD38}.Debug|x64.ActiveCfg = Debug|Any CPU
		{1F73C684-2051-4C4A-B39B-3C601E1BDD38}.Debug|x64.Build.0 = Debug|Any CPU
		{1F73C684-2051-4C4A-B39B-3C601E1BDD38}.Debug|x86.ActiveCfg = Debug|Any CPU
		{1F73C684-2051-4C4A-B39B-3C601E1BDD38}.Debug|x86.Build.0 = Debug|Any CPU
		{1F73C684-2051-4C4A-B39B-3C601E1BDD38}.Release|Any CPU.ActiveCfg = Release|Any CPU
		{1F73C684-2051-4C4A-B39B-3C601E1BDD38}.Release|Any CPU.Build.0 = Release|Any CPU
		{1F73C684-2051-4C4A-B39B-3C601E1BDD38}.Release|ARM.ActiveCfg = Release|Any CPU
		{1F73C684-2051-4C4A-B39B-3C601E1BDD38}.Release|ARM.Build.0 = Release|Any CPU
		{1F73C684-2051-4C4A-B39B-3C601E1BDD38}.Release|x64.ActiveCfg = Release|Any CPU
		{1F73C684-2051-4C4A-B39B-3C601E1BDD38}.Release|x64.Build.0 = Release|Any CPU
		{1F73C684-2051-4C4A-B39B-3C601E1BDD38}.Release|x86.ActiveCfg = Release|Any CPU
		{1F73C684-2051-4C4A-B39B-3C601E1BDD38}.Release|x86.Build.0 = Release|Any CPU
		{186057D8-ADEB-411F-9D99-B681E4870412}.Debug|Any CPU.ActiveCfg = Debug|Any CPU
		{186057D8-ADEB-411F-9D99-B681E4870412}.Debug|ARM.ActiveCfg = Debug|Any CPU
		{186057D8-ADEB-411F-9D99-B681E4870412}.Debug|ARM.Build.0 = Debug|Any CPU
		{186057D8-ADEB-411F-9D99-B681E4870412}.Debug|x64.ActiveCfg = Debug|Any CPU
		{186057D8-ADEB-411F-9D99-B681E4870412}.Debug|x64.Build.0 = Debug|Any CPU
		{186057D8-ADEB-411F-9D99-B681E4870412}.Debug|x86.ActiveCfg = Debug|Any CPU
		{186057D8-ADEB-411F-9D99-B681E4870412}.Debug|x86.Build.0 = Debug|Any CPU
		{186057D8-ADEB-411F-9D99-B681E4870412}.Release|Any CPU.ActiveCfg = Release|Any CPU
		{186057D8-ADEB-411F-9D99-B681E4870412}.Release|Any CPU.Build.0 = Release|Any CPU
		{186057D8-ADEB-411F-9D99-B681E4870412}.Release|ARM.ActiveCfg = Release|Any CPU
		{186057D8-ADEB-411F-9D99-B681E4870412}.Release|ARM.Build.0 = Release|Any CPU
		{186057D8-ADEB-411F-9D99-B681E4870412}.Release|x64.ActiveCfg = Release|Any CPU
		{186057D8-ADEB-411F-9D99-B681E4870412}.Release|x64.Build.0 = Release|Any CPU
		{186057D8-ADEB-411F-9D99-B681E4870412}.Release|x86.ActiveCfg = Release|Any CPU
		{186057D8-ADEB-411F-9D99-B681E4870412}.Release|x86.Build.0 = Release|Any CPU
	EndGlobalSection
	GlobalSection(SolutionProperties) = preSolution
		HideSolutionNode = FALSE
	EndGlobalSection
	GlobalSection(NestedProjects) = preSolution
		{01D670A6-9BDE-40B7-8429-E6CBD92C14ED} = {BEE0146F-678F-418A-B3CC-FA0A2D7FA546}
		{CD48CE6C-18BE-4CC2-A696-D490939E5017} = {01D670A6-9BDE-40B7-8429-E6CBD92C14ED}
		{A2452F21-DE85-488E-8AA9-E537024EA9DB} = {01D670A6-9BDE-40B7-8429-E6CBD92C14ED}
		{28857EA4-8957-4C1A-833A-4CAD8CD65172} = {01D670A6-9BDE-40B7-8429-E6CBD92C14ED}
		{1F73C684-2051-4C4A-B39B-3C601E1BDD38} = {01D670A6-9BDE-40B7-8429-E6CBD92C14ED}
		{186057D8-ADEB-411F-9D99-B681E4870412} = {01D670A6-9BDE-40B7-8429-E6CBD92C14ED}
	EndGlobalSection
EndGlobal
